// !$*UTF8*$!
{
	archiveVersion = 1;
	classes = {
	};
	objectVersion = 50;
	objects = {

/* Begin PBXBuildFile section */
		39125A6E2300CF5B00D1D167 /* GoogleService-Info.plist in Resources */ = {isa = PBXBuildFile; fileRef = 39125A6D2300CF5B00D1D167 /* GoogleService-Info.plist */; };
		3961BCBD22F650920070D3DB /* AppDelegate.swift in Sources */ = {isa = PBXBuildFile; fileRef = 3961BCBC22F650920070D3DB /* AppDelegate.swift */; };
		3961BCBF22F650920070D3DB /* TrackerViewController.swift in Sources */ = {isa = PBXBuildFile; fileRef = 3961BCBE22F650920070D3DB /* TrackerViewController.swift */; };
		3961BCC122F650920070D3DB /* HistoryViewController.swift in Sources */ = {isa = PBXBuildFile; fileRef = 3961BCC022F650920070D3DB /* HistoryViewController.swift */; };
		3961BCC622F650930070D3DB /* Assets.xcassets in Resources */ = {isa = PBXBuildFile; fileRef = 3961BCC522F650930070D3DB /* Assets.xcassets */; };
		3961BCD422F650930070D3DB /* DogDiaryTests.swift in Sources */ = {isa = PBXBuildFile; fileRef = 3961BCD322F650930070D3DB /* DogDiaryTests.swift */; };
		3961BCDF22F650930070D3DB /* DogDiaryUITests.swift in Sources */ = {isa = PBXBuildFile; fileRef = 3961BCDE22F650930070D3DB /* DogDiaryUITests.swift */; };
		39A680C32303D840003E80C7 /* SettingViewController.swift in Sources */ = {isa = PBXBuildFile; fileRef = 39A680C22303D840003E80C7 /* SettingViewController.swift */; };
		39A680C52303E373003E80C7 /* MyPackViewController.swift in Sources */ = {isa = PBXBuildFile; fileRef = 39A680C42303E373003E80C7 /* MyPackViewController.swift */; };
		39E87F9922F6A42C001DA62A /* MainTabBarViewController.swift in Sources */ = {isa = PBXBuildFile; fileRef = 39E87F9822F6A42C001DA62A /* MainTabBarViewController.swift */; };
		39E87F9C22F6A58C001DA62A /* Utils.swift in Sources */ = {isa = PBXBuildFile; fileRef = 39E87F9B22F6A58C001DA62A /* Utils.swift */; };
		39E87F9E22F6A5FD001DA62A /* User.swift in Sources */ = {isa = PBXBuildFile; fileRef = 39E87F9D22F6A5FD001DA62A /* User.swift */; };
		492139F8AB0C8FA0BBEDA44A /* Pods_DogDiary.framework in Frameworks */ = {isa = PBXBuildFile; fileRef = 977371A31111C69290ED97FC /* Pods_DogDiary.framework */; };
		8EAC48ADE10140811AEF4D92 /* Pods_DogDiaryUITests.framework in Frameworks */ = {isa = PBXBuildFile; fileRef = 3E0CB7572D98E0A605DD8B65 /* Pods_DogDiaryUITests.framework */; };
		DCA6501672A286AFC4496098 /* Pods_DogDiaryTests.framework in Frameworks */ = {isa = PBXBuildFile; fileRef = 65464AC6CE78D70EED867FC5 /* Pods_DogDiaryTests.framework */; };
/* End PBXBuildFile section */

/* Begin PBXContainerItemProxy section */
		3961BCD022F650930070D3DB /* PBXContainerItemProxy */ = {
			isa = PBXContainerItemProxy;
			containerPortal = 3961BCB122F650920070D3DB /* Project object */;
			proxyType = 1;
			remoteGlobalIDString = 3961BCB822F650920070D3DB;
			remoteInfo = DogDiary;
		};
		3961BCDB22F650930070D3DB /* PBXContainerItemProxy */ = {
			isa = PBXContainerItemProxy;
			containerPortal = 3961BCB122F650920070D3DB /* Project object */;
			proxyType = 1;
			remoteGlobalIDString = 3961BCB822F650920070D3DB;
			remoteInfo = DogDiary;
		};
/* End PBXContainerItemProxy section */

/* Begin PBXFileReference section */
		0832942E991A79967E0F29FB /* Pods-DogDiary.release.xcconfig */ = {isa = PBXFileReference; includeInIndex = 1; lastKnownFileType = text.xcconfig; name = "Pods-DogDiary.release.xcconfig"; path = "Pods/Target Support Files/Pods-DogDiary/Pods-DogDiary.release.xcconfig"; sourceTree = "<group>"; };
		08B33FF4569793DCB6EA22CA /* Pods-DogDiary.debug.xcconfig */ = {isa = PBXFileReference; includeInIndex = 1; lastKnownFileType = text.xcconfig; name = "Pods-DogDiary.debug.xcconfig"; path = "Pods/Target Support Files/Pods-DogDiary/Pods-DogDiary.debug.xcconfig"; sourceTree = "<group>"; };
		126DDCD6C8F641580BA17B75 /* Pods-DogDiaryUITests.release.xcconfig */ = {isa = PBXFileReference; includeInIndex = 1; lastKnownFileType = text.xcconfig; name = "Pods-DogDiaryUITests.release.xcconfig"; path = "Pods/Target Support Files/Pods-DogDiaryUITests/Pods-DogDiaryUITests.release.xcconfig"; sourceTree = "<group>"; };
		39125A6D2300CF5B00D1D167 /* GoogleService-Info.plist */ = {isa = PBXFileReference; fileEncoding = 4; lastKnownFileType = text.plist.xml; path = "GoogleService-Info.plist"; sourceTree = SOURCE_ROOT; };
		3961BCB922F650920070D3DB /* DogDiary.app */ = {isa = PBXFileReference; explicitFileType = wrapper.application; includeInIndex = 0; path = DogDiary.app; sourceTree = BUILT_PRODUCTS_DIR; };
		3961BCBC22F650920070D3DB /* AppDelegate.swift */ = {isa = PBXFileReference; lastKnownFileType = sourcecode.swift; path = AppDelegate.swift; sourceTree = "<group>"; };
		3961BCBE22F650920070D3DB /* TrackerViewController.swift */ = {isa = PBXFileReference; lastKnownFileType = sourcecode.swift; path = TrackerViewController.swift; sourceTree = "<group>"; };
		3961BCC022F650920070D3DB /* HistoryViewController.swift */ = {isa = PBXFileReference; lastKnownFileType = sourcecode.swift; path = HistoryViewController.swift; sourceTree = "<group>"; };
		3961BCC522F650930070D3DB /* Assets.xcassets */ = {isa = PBXFileReference; lastKnownFileType = folder.assetcatalog; path = Assets.xcassets; sourceTree = "<group>"; };
		3961BCCA22F650930070D3DB /* Info.plist */ = {isa = PBXFileReference; lastKnownFileType = text.plist.xml; path = Info.plist; sourceTree = "<group>"; };
		3961BCCF22F650930070D3DB /* DogDiaryTests.xctest */ = {isa = PBXFileReference; explicitFileType = wrapper.cfbundle; includeInIndex = 0; path = DogDiaryTests.xctest; sourceTree = BUILT_PRODUCTS_DIR; };
		3961BCD322F650930070D3DB /* DogDiaryTests.swift */ = {isa = PBXFileReference; lastKnownFileType = sourcecode.swift; path = DogDiaryTests.swift; sourceTree = "<group>"; };
		3961BCD522F650930070D3DB /* Info.plist */ = {isa = PBXFileReference; lastKnownFileType = text.plist.xml; path = Info.plist; sourceTree = "<group>"; };
		3961BCDA22F650930070D3DB /* DogDiaryUITests.xctest */ = {isa = PBXFileReference; explicitFileType = wrapper.cfbundle; includeInIndex = 0; path = DogDiaryUITests.xctest; sourceTree = BUILT_PRODUCTS_DIR; };
		3961BCDE22F650930070D3DB /* DogDiaryUITests.swift */ = {isa = PBXFileReference; lastKnownFileType = sourcecode.swift; path = DogDiaryUITests.swift; sourceTree = "<group>"; };
		3961BCE022F650930070D3DB /* Info.plist */ = {isa = PBXFileReference; lastKnownFileType = text.plist.xml; path = Info.plist; sourceTree = "<group>"; };
		39A680C22303D840003E80C7 /* SettingViewController.swift */ = {isa = PBXFileReference; lastKnownFileType = sourcecode.swift; path = SettingViewController.swift; sourceTree = "<group>"; };
		39A680C42303E373003E80C7 /* MyPackViewController.swift */ = {isa = PBXFileReference; lastKnownFileType = sourcecode.swift; path = MyPackViewController.swift; sourceTree = "<group>"; };
		39E87F9822F6A42C001DA62A /* MainTabBarViewController.swift */ = {isa = PBXFileReference; lastKnownFileType = sourcecode.swift; path = MainTabBarViewController.swift; sourceTree = "<group>"; };
		39E87F9B22F6A58C001DA62A /* Utils.swift */ = {isa = PBXFileReference; lastKnownFileType = sourcecode.swift; path = Utils.swift; sourceTree = "<group>"; };
		39E87F9D22F6A5FD001DA62A /* User.swift */ = {isa = PBXFileReference; lastKnownFileType = sourcecode.swift; path = User.swift; sourceTree = "<group>"; };
		3E0CB7572D98E0A605DD8B65 /* Pods_DogDiaryUITests.framework */ = {isa = PBXFileReference; explicitFileType = wrapper.framework; includeInIndex = 0; path = Pods_DogDiaryUITests.framework; sourceTree = BUILT_PRODUCTS_DIR; };
		65464AC6CE78D70EED867FC5 /* Pods_DogDiaryTests.framework */ = {isa = PBXFileReference; explicitFileType = wrapper.framework; includeInIndex = 0; path = Pods_DogDiaryTests.framework; sourceTree = BUILT_PRODUCTS_DIR; };
		973A96E0C24050503EF01D84 /* Pods-DogDiaryUITests.debug.xcconfig */ = {isa = PBXFileReference; includeInIndex = 1; lastKnownFileType = text.xcconfig; name = "Pods-DogDiaryUITests.debug.xcconfig"; path = "Pods/Target Support Files/Pods-DogDiaryUITests/Pods-DogDiaryUITests.debug.xcconfig"; sourceTree = "<group>"; };
		977371A31111C69290ED97FC /* Pods_DogDiary.framework */ = {isa = PBXFileReference; explicitFileType = wrapper.framework; includeInIndex = 0; path = Pods_DogDiary.framework; sourceTree = BUILT_PRODUCTS_DIR; };
		A40F32C4F89A351C2249991B /* Pods-DogDiaryTests.debug.xcconfig */ = {isa = PBXFileReference; includeInIndex = 1; lastKnownFileType = text.xcconfig; name = "Pods-DogDiaryTests.debug.xcconfig"; path = "Pods/Target Support Files/Pods-DogDiaryTests/Pods-DogDiaryTests.debug.xcconfig"; sourceTree = "<group>"; };
		F594FE9525C329ECA3D8A0AD /* Pods-DogDiaryTests.release.xcconfig */ = {isa = PBXFileReference; includeInIndex = 1; lastKnownFileType = text.xcconfig; name = "Pods-DogDiaryTests.release.xcconfig"; path = "Pods/Target Support Files/Pods-DogDiaryTests/Pods-DogDiaryTests.release.xcconfig"; sourceTree = "<group>"; };
/* End PBXFileReference section */

/* Begin PBXFrameworksBuildPhase section */
		3961BCB622F650920070D3DB /* Frameworks */ = {
			isa = PBXFrameworksBuildPhase;
			buildActionMask = 2147483647;
			files = (
				492139F8AB0C8FA0BBEDA44A /* Pods_DogDiary.framework in Frameworks */,
			);
			runOnlyForDeploymentPostprocessing = 0;
		};
		3961BCCC22F650930070D3DB /* Frameworks */ = {
			isa = PBXFrameworksBuildPhase;
			buildActionMask = 2147483647;
			files = (
				DCA6501672A286AFC4496098 /* Pods_DogDiaryTests.framework in Frameworks */,
			);
			runOnlyForDeploymentPostprocessing = 0;
		};
		3961BCD722F650930070D3DB /* Frameworks */ = {
			isa = PBXFrameworksBuildPhase;
			buildActionMask = 2147483647;
			files = (
				8EAC48ADE10140811AEF4D92 /* Pods_DogDiaryUITests.framework in Frameworks */,
			);
			runOnlyForDeploymentPostprocessing = 0;
		};
/* End PBXFrameworksBuildPhase section */

/* Begin PBXGroup section */
		3961BCB022F650920070D3DB = {
			isa = PBXGroup;
			children = (
				3961BCBB22F650920070D3DB /* DogDiary */,
				3961BCD222F650930070D3DB /* DogDiaryTests */,
				3961BCDD22F650930070D3DB /* DogDiaryUITests */,
				3961BCBA22F650920070D3DB /* Products */,
				776D1CD364133CD19879462B /* Pods */,
				96C654FAE2DD235863D63655 /* Frameworks */,
			);
			sourceTree = "<group>";
		};
		3961BCBA22F650920070D3DB /* Products */ = {
			isa = PBXGroup;
			children = (
				3961BCB922F650920070D3DB /* DogDiary.app */,
				3961BCCF22F650930070D3DB /* DogDiaryTests.xctest */,
				3961BCDA22F650930070D3DB /* DogDiaryUITests.xctest */,
			);
			name = Products;
			sourceTree = "<group>";
		};
		3961BCBB22F650920070D3DB /* DogDiary */ = {
			isa = PBXGroup;
			children = (
				39125A6D2300CF5B00D1D167 /* GoogleService-Info.plist */,
				3961BCBC22F650920070D3DB /* AppDelegate.swift */,
				39E87F9822F6A42C001DA62A /* MainTabBarViewController.swift */,
				3961BCBE22F650920070D3DB /* TrackerViewController.swift */,
				39A680C42303E373003E80C7 /* MyPackViewController.swift */,
				3961BCC022F650920070D3DB /* HistoryViewController.swift */,
				39A680C22303D840003E80C7 /* SettingViewController.swift */,
				3961BCC522F650930070D3DB /* Assets.xcassets */,
				3961BCCA22F650930070D3DB /* Info.plist */,
				39E87F9B22F6A58C001DA62A /* Utils.swift */,
				39E87F9D22F6A5FD001DA62A /* User.swift */,
			);
			path = DogDiary;
			sourceTree = "<group>";
		};
		3961BCD222F650930070D3DB /* DogDiaryTests */ = {
			isa = PBXGroup;
			children = (
				3961BCD322F650930070D3DB /* DogDiaryTests.swift */,
				3961BCD522F650930070D3DB /* Info.plist */,
			);
			path = DogDiaryTests;
			sourceTree = "<group>";
		};
		3961BCDD22F650930070D3DB /* DogDiaryUITests */ = {
			isa = PBXGroup;
			children = (
				3961BCDE22F650930070D3DB /* DogDiaryUITests.swift */,
				3961BCE022F650930070D3DB /* Info.plist */,
			);
			path = DogDiaryUITests;
			sourceTree = "<group>";
		};
		776D1CD364133CD19879462B /* Pods */ = {
			isa = PBXGroup;
			children = (
				08B33FF4569793DCB6EA22CA /* Pods-DogDiary.debug.xcconfig */,
				0832942E991A79967E0F29FB /* Pods-DogDiary.release.xcconfig */,
				A40F32C4F89A351C2249991B /* Pods-DogDiaryTests.debug.xcconfig */,
				F594FE9525C329ECA3D8A0AD /* Pods-DogDiaryTests.release.xcconfig */,
				973A96E0C24050503EF01D84 /* Pods-DogDiaryUITests.debug.xcconfig */,
				126DDCD6C8F641580BA17B75 /* Pods-DogDiaryUITests.release.xcconfig */,
			);
			name = Pods;
			sourceTree = "<group>";
		};
		96C654FAE2DD235863D63655 /* Frameworks */ = {
			isa = PBXGroup;
			children = (
				977371A31111C69290ED97FC /* Pods_DogDiary.framework */,
				65464AC6CE78D70EED867FC5 /* Pods_DogDiaryTests.framework */,
				3E0CB7572D98E0A605DD8B65 /* Pods_DogDiaryUITests.framework */,
			);
			name = Frameworks;
			sourceTree = "<group>";
		};
/* End PBXGroup section */

/* Begin PBXNativeTarget section */
		3961BCB822F650920070D3DB /* DogDiary */ = {
			isa = PBXNativeTarget;
			buildConfigurationList = 3961BCE322F650930070D3DB /* Build configuration list for PBXNativeTarget "DogDiary" */;
			buildPhases = (
				E6CBFC1AA5CDA6A57BD01300 /* [CP] Check Pods Manifest.lock */,
				3961BCB522F650920070D3DB /* Sources */,
				3961BCB622F650920070D3DB /* Frameworks */,
				3961BCB722F650920070D3DB /* Resources */,
				2BD0616C724CB2C546025AB7 /* [CP] Embed Pods Frameworks */,
				BF11DDCA9F8F50DBA072F9EB /* [CP] Copy Pods Resources */,
			);
			buildRules = (
			);
			dependencies = (
			);
			name = DogDiary;
			productName = DogDiary;
			productReference = 3961BCB922F650920070D3DB /* DogDiary.app */;
			productType = "com.apple.product-type.application";
		};
		3961BCCE22F650930070D3DB /* DogDiaryTests */ = {
			isa = PBXNativeTarget;
			buildConfigurationList = 3961BCE622F650930070D3DB /* Build configuration list for PBXNativeTarget "DogDiaryTests" */;
			buildPhases = (
				3195C380D99F7CDE7A4AFDDF /* [CP] Check Pods Manifest.lock */,
				3961BCCB22F650930070D3DB /* Sources */,
				3961BCCC22F650930070D3DB /* Frameworks */,
				3961BCCD22F650930070D3DB /* Resources */,
			);
			buildRules = (
			);
			dependencies = (
				3961BCD122F650930070D3DB /* PBXTargetDependency */,
			);
			name = DogDiaryTests;
			productName = DogDiaryTests;
			productReference = 3961BCCF22F650930070D3DB /* DogDiaryTests.xctest */;
			productType = "com.apple.product-type.bundle.unit-test";
		};
		3961BCD922F650930070D3DB /* DogDiaryUITests */ = {
			isa = PBXNativeTarget;
			buildConfigurationList = 3961BCE922F650930070D3DB /* Build configuration list for PBXNativeTarget "DogDiaryUITests" */;
			buildPhases = (
				8A26F77166DC68C4E504E1EC /* [CP] Check Pods Manifest.lock */,
				3961BCD622F650930070D3DB /* Sources */,
				3961BCD722F650930070D3DB /* Frameworks */,
				3961BCD822F650930070D3DB /* Resources */,
			);
			buildRules = (
			);
			dependencies = (
				3961BCDC22F650930070D3DB /* PBXTargetDependency */,
			);
			name = DogDiaryUITests;
			productName = DogDiaryUITests;
			productReference = 3961BCDA22F650930070D3DB /* DogDiaryUITests.xctest */;
			productType = "com.apple.product-type.bundle.ui-testing";
		};
/* End PBXNativeTarget section */

/* Begin PBXProject section */
		3961BCB122F650920070D3DB /* Project object */ = {
			isa = PBXProject;
			attributes = {
				LastSwiftUpdateCheck = 1030;
				LastUpgradeCheck = 1030;
				ORGANIZATIONNAME = "Ingyu Woo";
				TargetAttributes = {
					3961BCB822F650920070D3DB = {
						CreatedOnToolsVersion = 10.3;
					};
					3961BCCE22F650930070D3DB = {
						CreatedOnToolsVersion = 10.3;
						TestTargetID = 3961BCB822F650920070D3DB;
					};
					3961BCD922F650930070D3DB = {
						CreatedOnToolsVersion = 10.3;
						TestTargetID = 3961BCB822F650920070D3DB;
					};
				};
			};
			buildConfigurationList = 3961BCB422F650920070D3DB /* Build configuration list for PBXProject "DogDiary" */;
			compatibilityVersion = "Xcode 9.3";
			developmentRegion = en;
			hasScannedForEncodings = 0;
			knownRegions = (
				en,
				Base,
			);
			mainGroup = 3961BCB022F650920070D3DB;
			productRefGroup = 3961BCBA22F650920070D3DB /* Products */;
			projectDirPath = "";
			projectRoot = "";
			targets = (
				3961BCB822F650920070D3DB /* DogDiary */,
				3961BCCE22F650930070D3DB /* DogDiaryTests */,
				3961BCD922F650930070D3DB /* DogDiaryUITests */,
			);
		};
/* End PBXProject section */

/* Begin PBXResourcesBuildPhase section */
		3961BCB722F650920070D3DB /* Resources */ = {
			isa = PBXResourcesBuildPhase;
			buildActionMask = 2147483647;
			files = (
				3961BCC622F650930070D3DB /* Assets.xcassets in Resources */,
				39125A6E2300CF5B00D1D167 /* GoogleService-Info.plist in Resources */,
			);
			runOnlyForDeploymentPostprocessing = 0;
		};
		3961BCCD22F650930070D3DB /* Resources */ = {
			isa = PBXResourcesBuildPhase;
			buildActionMask = 2147483647;
			files = (
			);
			runOnlyForDeploymentPostprocessing = 0;
		};
		3961BCD822F650930070D3DB /* Resources */ = {
			isa = PBXResourcesBuildPhase;
			buildActionMask = 2147483647;
			files = (
			);
			runOnlyForDeploymentPostprocessing = 0;
		};
/* End PBXResourcesBuildPhase section */

/* Begin PBXShellScriptBuildPhase section */
		2BD0616C724CB2C546025AB7 /* [CP] Embed Pods Frameworks */ = {
			isa = PBXShellScriptBuildPhase;
			buildActionMask = 2147483647;
			files = (
			);
			inputFileListPaths = (
			);
			inputPaths = (
				"${SRCROOT}/Pods/Target Support Files/Pods-DogDiary/Pods-DogDiary-frameworks.sh",
				"${BUILT_PRODUCTS_DIR}/GTMSessionFetcher/GTMSessionFetcher.framework",
				"${BUILT_PRODUCTS_DIR}/GoogleToolboxForMac/GoogleToolboxForMac.framework",
				"${BUILT_PRODUCTS_DIR}/GoogleUtilities/GoogleUtilities.framework",
				"${BUILT_PRODUCTS_DIR}/nanopb/nanopb.framework",
			);
			name = "[CP] Embed Pods Frameworks";
			outputFileListPaths = (
			);
			outputPaths = (
				"${TARGET_BUILD_DIR}/${FRAMEWORKS_FOLDER_PATH}/GTMSessionFetcher.framework",
				"${TARGET_BUILD_DIR}/${FRAMEWORKS_FOLDER_PATH}/GoogleToolboxForMac.framework",
				"${TARGET_BUILD_DIR}/${FRAMEWORKS_FOLDER_PATH}/GoogleUtilities.framework",
				"${TARGET_BUILD_DIR}/${FRAMEWORKS_FOLDER_PATH}/nanopb.framework",
			);
			runOnlyForDeploymentPostprocessing = 0;
			shellPath = /bin/sh;
			shellScript = "\"${SRCROOT}/Pods/Target Support Files/Pods-DogDiary/Pods-DogDiary-frameworks.sh\"\n";
			showEnvVarsInLog = 0;
		};
		3195C380D99F7CDE7A4AFDDF /* [CP] Check Pods Manifest.lock */ = {
			isa = PBXShellScriptBuildPhase;
			buildActionMask = 2147483647;
			files = (
			);
			inputFileListPaths = (
			);
			inputPaths = (
				"${PODS_PODFILE_DIR_PATH}/Podfile.lock",
				"${PODS_ROOT}/Manifest.lock",
			);
			name = "[CP] Check Pods Manifest.lock";
			outputFileListPaths = (
			);
			outputPaths = (
				"$(DERIVED_FILE_DIR)/Pods-DogDiaryTests-checkManifestLockResult.txt",
			);
			runOnlyForDeploymentPostprocessing = 0;
			shellPath = /bin/sh;
			shellScript = "diff \"${PODS_PODFILE_DIR_PATH}/Podfile.lock\" \"${PODS_ROOT}/Manifest.lock\" > /dev/null\nif [ $? != 0 ] ; then\n    # print error to STDERR\n    echo \"error: The sandbox is not in sync with the Podfile.lock. Run 'pod install' or update your CocoaPods installation.\" >&2\n    exit 1\nfi\n# This output is used by Xcode 'outputs' to avoid re-running this script phase.\necho \"SUCCESS\" > \"${SCRIPT_OUTPUT_FILE_0}\"\n";
			showEnvVarsInLog = 0;
		};
		8A26F77166DC68C4E504E1EC /* [CP] Check Pods Manifest.lock */ = {
			isa = PBXShellScriptBuildPhase;
			buildActionMask = 2147483647;
			files = (
			);
			inputFileListPaths = (
			);
			inputPaths = (
				"${PODS_PODFILE_DIR_PATH}/Podfile.lock",
				"${PODS_ROOT}/Manifest.lock",
			);
			name = "[CP] Check Pods Manifest.lock";
			outputFileListPaths = (
			);
			outputPaths = (
				"$(DERIVED_FILE_DIR)/Pods-DogDiaryUITests-checkManifestLockResult.txt",
			);
			runOnlyForDeploymentPostprocessing = 0;
			shellPath = /bin/sh;
			shellScript = "diff \"${PODS_PODFILE_DIR_PATH}/Podfile.lock\" \"${PODS_ROOT}/Manifest.lock\" > /dev/null\nif [ $? != 0 ] ; then\n    # print error to STDERR\n    echo \"error: The sandbox is not in sync with the Podfile.lock. Run 'pod install' or update your CocoaPods installation.\" >&2\n    exit 1\nfi\n# This output is used by Xcode 'outputs' to avoid re-running this script phase.\necho \"SUCCESS\" > \"${SCRIPT_OUTPUT_FILE_0}\"\n";
			showEnvVarsInLog = 0;
		};
		BF11DDCA9F8F50DBA072F9EB /* [CP] Copy Pods Resources */ = {
			isa = PBXShellScriptBuildPhase;
			buildActionMask = 2147483647;
			files = (
			);
			inputFileListPaths = (
			);
			inputPaths = (
				"${SRCROOT}/Pods/Target Support Files/Pods-DogDiary/Pods-DogDiary-resources.sh",
				"${PODS_CONFIGURATION_BUILD_DIR}/FirebaseUI/FirebaseAuthUI.bundle",
				"${PODS_CONFIGURATION_BUILD_DIR}/FirebaseUI/FirebaseGoogleAuthUI.bundle",
				"${PODS_ROOT}/GoogleSignIn/Resources/GoogleSignIn.bundle",
			);
			name = "[CP] Copy Pods Resources";
			outputFileListPaths = (
			);
			outputPaths = (
				"${TARGET_BUILD_DIR}/${UNLOCALIZED_RESOURCES_FOLDER_PATH}/FirebaseAuthUI.bundle",
				"${TARGET_BUILD_DIR}/${UNLOCALIZED_RESOURCES_FOLDER_PATH}/FirebaseGoogleAuthUI.bundle",
				"${TARGET_BUILD_DIR}/${UNLOCALIZED_RESOURCES_FOLDER_PATH}/GoogleSignIn.bundle",
			);
			runOnlyForDeploymentPostprocessing = 0;
			shellPath = /bin/sh;
			shellScript = "\"${SRCROOT}/Pods/Target Support Files/Pods-DogDiary/Pods-DogDiary-resources.sh\"\n";
			showEnvVarsInLog = 0;
		};
		E6CBFC1AA5CDA6A57BD01300 /* [CP] Check Pods Manifest.lock */ = {
			isa = PBXShellScriptBuildPhase;
			buildActionMask = 2147483647;
			files = (
			);
			inputFileListPaths = (
			);
			inputPaths = (
				"${PODS_PODFILE_DIR_PATH}/Podfile.lock",
				"${PODS_ROOT}/Manifest.lock",
			);
			name = "[CP] Check Pods Manifest.lock";
			outputFileListPaths = (
			);
			outputPaths = (
				"$(DERIVED_FILE_DIR)/Pods-DogDiary-checkManifestLockResult.txt",
			);
			runOnlyForDeploymentPostprocessing = 0;
			shellPath = /bin/sh;
			shellScript = "diff \"${PODS_PODFILE_DIR_PATH}/Podfile.lock\" \"${PODS_ROOT}/Manifest.lock\" > /dev/null\nif [ $? != 0 ] ; then\n    # print error to STDERR\n    echo \"error: The sandbox is not in sync with the Podfile.lock. Run 'pod install' or update your CocoaPods installation.\" >&2\n    exit 1\nfi\n# This output is used by Xcode 'outputs' to avoid re-running this script phase.\necho \"SUCCESS\" > \"${SCRIPT_OUTPUT_FILE_0}\"\n";
			showEnvVarsInLog = 0;
		};
/* End PBXShellScriptBuildPhase section */

/* Begin PBXSourcesBuildPhase section */
		3961BCB522F650920070D3DB /* Sources */ = {
			isa = PBXSourcesBuildPhase;
			buildActionMask = 2147483647;
			files = (
				39E87F9C22F6A58C001DA62A /* Utils.swift in Sources */,
				3961BCC122F650920070D3DB /* HistoryViewController.swift in Sources */,
				39E87F9E22F6A5FD001DA62A /* User.swift in Sources */,
				39A680C52303E373003E80C7 /* MyPackViewController.swift in Sources */,
				39E87F9922F6A42C001DA62A /* MainTabBarViewController.swift in Sources */,
				3961BCBD22F650920070D3DB /* AppDelegate.swift in Sources */,
				39A680C32303D840003E80C7 /* SettingViewController.swift in Sources */,
				3961BCBF22F650920070D3DB /* TrackerViewController.swift in Sources */,
			);
			runOnlyForDeploymentPostprocessing = 0;
		};
		3961BCCB22F650930070D3DB /* Sources */ = {
			isa = PBXSourcesBuildPhase;
			buildActionMask = 2147483647;
			files = (
				3961BCD422F650930070D3DB /* DogDiaryTests.swift in Sources */,
			);
			runOnlyForDeploymentPostprocessing = 0;
		};
		3961BCD622F650930070D3DB /* Sources */ = {
			isa = PBXSourcesBuildPhase;
			buildActionMask = 2147483647;
			files = (
				3961BCDF22F650930070D3DB /* DogDiaryUITests.swift in Sources */,
			);
			runOnlyForDeploymentPostprocessing = 0;
		};
/* End PBXSourcesBuildPhase section */

/* Begin PBXTargetDependency section */
		3961BCD122F650930070D3DB /* PBXTargetDependency */ = {
			isa = PBXTargetDependency;
			target = 3961BCB822F650920070D3DB /* DogDiary */;
			targetProxy = 3961BCD022F650930070D3DB /* PBXContainerItemProxy */;
		};
		3961BCDC22F650930070D3DB /* PBXTargetDependency */ = {
			isa = PBXTargetDependency;
			target = 3961BCB822F650920070D3DB /* DogDiary */;
			targetProxy = 3961BCDB22F650930070D3DB /* PBXContainerItemProxy */;
		};
/* End PBXTargetDependency section */

/* Begin XCBuildConfiguration section */
		3961BCE122F650930070D3DB /* Debug */ = {
			isa = XCBuildConfiguration;
			buildSettings = {
				ALWAYS_SEARCH_USER_PATHS = NO;
				CLANG_ANALYZER_NONNULL = YES;
				CLANG_ANALYZER_NUMBER_OBJECT_CONVERSION = YES_AGGRESSIVE;
				CLANG_CXX_LANGUAGE_STANDARD = "gnu++14";
				CLANG_CXX_LIBRARY = "libc++";
				CLANG_ENABLE_MODULES = YES;
				CLANG_ENABLE_OBJC_ARC = YES;
				CLANG_ENABLE_OBJC_WEAK = YES;
				CLANG_WARN_BLOCK_CAPTURE_AUTORELEASING = YES;
				CLANG_WARN_BOOL_CONVERSION = YES;
				CLANG_WARN_COMMA = YES;
				CLANG_WARN_CONSTANT_CONVERSION = YES;
				CLANG_WARN_DEPRECATED_OBJC_IMPLEMENTATIONS = YES;
				CLANG_WARN_DIRECT_OBJC_ISA_USAGE = YES_ERROR;
				CLANG_WARN_DOCUMENTATION_COMMENTS = YES;
				CLANG_WARN_EMPTY_BODY = YES;
				CLANG_WARN_ENUM_CONVERSION = YES;
				CLANG_WARN_INFINITE_RECURSION = YES;
				CLANG_WARN_INT_CONVERSION = YES;
				CLANG_WARN_NON_LITERAL_NULL_CONVERSION = YES;
				CLANG_WARN_OBJC_IMPLICIT_RETAIN_SELF = YES;
				CLANG_WARN_OBJC_LITERAL_CONVERSION = YES;
				CLANG_WARN_OBJC_ROOT_CLASS = YES_ERROR;
				CLANG_WARN_RANGE_LOOP_ANALYSIS = YES;
				CLANG_WARN_STRICT_PROTOTYPES = YES;
				CLANG_WARN_SUSPICIOUS_MOVE = YES;
				CLANG_WARN_UNGUARDED_AVAILABILITY = YES_AGGRESSIVE;
				CLANG_WARN_UNREACHABLE_CODE = YES;
				CLANG_WARN__DUPLICATE_METHOD_MATCH = YES;
				CODE_SIGN_IDENTITY = "iPhone Developer";
				COPY_PHASE_STRIP = NO;
				DEBUG_INFORMATION_FORMAT = dwarf;
				ENABLE_STRICT_OBJC_MSGSEND = YES;
				ENABLE_TESTABILITY = YES;
				GCC_C_LANGUAGE_STANDARD = gnu11;
				GCC_DYNAMIC_NO_PIC = NO;
				GCC_NO_COMMON_BLOCKS = YES;
				GCC_OPTIMIZATION_LEVEL = 0;
				GCC_PREPROCESSOR_DEFINITIONS = (
					"DEBUG=1",
					"$(inherited)",
				);
				GCC_WARN_64_TO_32_BIT_CONVERSION = YES;
				GCC_WARN_ABOUT_RETURN_TYPE = YES_ERROR;
				GCC_WARN_UNDECLARED_SELECTOR = YES;
				GCC_WARN_UNINITIALIZED_AUTOS = YES_AGGRESSIVE;
				GCC_WARN_UNUSED_FUNCTION = YES;
				GCC_WARN_UNUSED_VARIABLE = YES;
				IPHONEOS_DEPLOYMENT_TARGET = 12.4;
				MTL_ENABLE_DEBUG_INFO = INCLUDE_SOURCE;
				MTL_FAST_MATH = YES;
				ONLY_ACTIVE_ARCH = YES;
				SDKROOT = iphoneos;
				SWIFT_ACTIVE_COMPILATION_CONDITIONS = DEBUG;
				SWIFT_OPTIMIZATION_LEVEL = "-Onone";
			};
			name = Debug;
		};
		3961BCE222F650930070D3DB /* Release */ = {
			isa = XCBuildConfiguration;
			buildSettings = {
				ALWAYS_SEARCH_USER_PATHS = NO;
				CLANG_ANALYZER_NONNULL = YES;
				CLANG_ANALYZER_NUMBER_OBJECT_CONVERSION = YES_AGGRESSIVE;
				CLANG_CXX_LANGUAGE_STANDARD = "gnu++14";
				CLANG_CXX_LIBRARY = "libc++";
				CLANG_ENABLE_MODULES = YES;
				CLANG_ENABLE_OBJC_ARC = YES;
				CLANG_ENABLE_OBJC_WEAK = YES;
				CLANG_WARN_BLOCK_CAPTURE_AUTORELEASING = YES;
				CLANG_WARN_BOOL_CONVERSION = YES;
				CLANG_WARN_COMMA = YES;
				CLANG_WARN_CONSTANT_CONVERSION = YES;
				CLANG_WARN_DEPRECATED_OBJC_IMPLEMENTATIONS = YES;
				CLANG_WARN_DIRECT_OBJC_ISA_USAGE = YES_ERROR;
				CLANG_WARN_DOCUMENTATION_COMMENTS = YES;
				CLANG_WARN_EMPTY_BODY = YES;
				CLANG_WARN_ENUM_CONVERSION = YES;
				CLANG_WARN_INFINITE_RECURSION = YES;
				CLANG_WARN_INT_CONVERSION = YES;
				CLANG_WARN_NON_LITERAL_NULL_CONVERSION = YES;
				CLANG_WARN_OBJC_IMPLICIT_RETAIN_SELF = YES;
				CLANG_WARN_OBJC_LITERAL_CONVERSION = YES;
				CLANG_WARN_OBJC_ROOT_CLASS = YES_ERROR;
				CLANG_WARN_RANGE_LOOP_ANALYSIS = YES;
				CLANG_WARN_STRICT_PROTOTYPES = YES;
				CLANG_WARN_SUSPICIOUS_MOVE = YES;
				CLANG_WARN_UNGUARDED_AVAILABILITY = YES_AGGRESSIVE;
				CLANG_WARN_UNREACHABLE_CODE = YES;
				CLANG_WARN__DUPLICATE_METHOD_MATCH = YES;
				CODE_SIGN_IDENTITY = "iPhone Developer";
				COPY_PHASE_STRIP = NO;
				DEBUG_INFORMATION_FORMAT = "dwarf-with-dsym";
				ENABLE_NS_ASSERTIONS = NO;
				ENABLE_STRICT_OBJC_MSGSEND = YES;
				GCC_C_LANGUAGE_STANDARD = gnu11;
				GCC_NO_COMMON_BLOCKS = YES;
				GCC_WARN_64_TO_32_BIT_CONVERSION = YES;
				GCC_WARN_ABOUT_RETURN_TYPE = YES_ERROR;
				GCC_WARN_UNDECLARED_SELECTOR = YES;
				GCC_WARN_UNINITIALIZED_AUTOS = YES_AGGRESSIVE;
				GCC_WARN_UNUSED_FUNCTION = YES;
				GCC_WARN_UNUSED_VARIABLE = YES;
				IPHONEOS_DEPLOYMENT_TARGET = 12.4;
				MTL_ENABLE_DEBUG_INFO = NO;
				MTL_FAST_MATH = YES;
				SDKROOT = iphoneos;
				SWIFT_COMPILATION_MODE = wholemodule;
				SWIFT_OPTIMIZATION_LEVEL = "-O";
				VALIDATE_PRODUCT = YES;
			};
			name = Release;
		};
		3961BCE422F650930070D3DB /* Debug */ = {
			isa = XCBuildConfiguration;
			baseConfigurationReference = 08B33FF4569793DCB6EA22CA /* Pods-DogDiary.debug.xcconfig */;
			buildSettings = {
				ASSETCATALOG_COMPILER_APPICON_NAME = AppIcon;
				CODE_SIGN_STYLE = Automatic;
				DEVELOPMENT_TEAM = TW2G7A5598;
				INFOPLIST_FILE = DogDiary/Info.plist;
				LD_RUNPATH_SEARCH_PATHS = (
					"$(inherited)",
					"@executable_path/Frameworks",
				);
				PRODUCT_BUNDLE_IDENTIFIER = igwoo.DogDiary;
				PRODUCT_NAME = "$(TARGET_NAME)";
				SWIFT_VERSION = 5.0;
				TARGETED_DEVICE_FAMILY = "1,2";
			};
			name = Debug;
		};
		3961BCE522F650930070D3DB /* Release */ = {
			isa = XCBuildConfiguration;
			baseConfigurationReference = 0832942E991A79967E0F29FB /* Pods-DogDiary.release.xcconfig */;
			buildSettings = {
				ASSETCATALOG_COMPILER_APPICON_NAME = AppIcon;
				CODE_SIGN_STYLE = Automatic;
				DEVELOPMENT_TEAM = TW2G7A5598;
				INFOPLIST_FILE = DogDiary/Info.plist;
				LD_RUNPATH_SEARCH_PATHS = (
					"$(inherited)",
					"@executable_path/Frameworks",
				);
				PRODUCT_BUNDLE_IDENTIFIER = igwoo.DogDiary;
				PRODUCT_NAME = "$(TARGET_NAME)";
				SWIFT_VERSION = 5.0;
				TARGETED_DEVICE_FAMILY = "1,2";
			};
			name = Release;
		};
		3961BCE722F650930070D3DB /* Debug */ = {
			isa = XCBuildConfiguration;
			baseConfigurationReference = A40F32C4F89A351C2249991B /* Pods-DogDiaryTests.debug.xcconfig */;
			buildSettings = {
				ALWAYS_EMBED_SWIFT_STANDARD_LIBRARIES = YES;
				BUNDLE_LOADER = "$(TEST_HOST)";
				CODE_SIGN_STYLE = Automatic;
				DEVELOPMENT_TEAM = TW2G7A5598;
				INFOPLIST_FILE = DogDiaryTests/Info.plist;
				LD_RUNPATH_SEARCH_PATHS = (
					"$(inherited)",
					"@executable_path/Frameworks",
					"@loader_path/Frameworks",
				);
				PRODUCT_BUNDLE_IDENTIFIER = igwoo.DogDiaryTests;
				PRODUCT_NAME = "$(TARGET_NAME)";
				SWIFT_VERSION = 5.0;
				TARGETED_DEVICE_FAMILY = "1,2";
				TEST_HOST = "$(BUILT_PRODUCTS_DIR)/DogDiary.app/DogDiary";
			};
			name = Debug;
		};
		3961BCE822F650930070D3DB /* Release */ = {
			isa = XCBuildConfiguration;
			baseConfigurationReference = F594FE9525C329ECA3D8A0AD /* Pods-DogDiaryTests.release.xcconfig */;
			buildSettings = {
				ALWAYS_EMBED_SWIFT_STANDARD_LIBRARIES = YES;
				BUNDLE_LOADER = "$(TEST_HOST)";
				CODE_SIGN_STYLE = Automatic;
				DEVELOPMENT_TEAM = TW2G7A5598;
				INFOPLIST_FILE = DogDiaryTests/Info.plist;
				LD_RUNPATH_SEARCH_PATHS = (
					"$(inherited)",
					"@executable_path/Frameworks",
					"@loader_path/Frameworks",
				);
				PRODUCT_BUNDLE_IDENTIFIER = igwoo.DogDiaryTests;
				PRODUCT_NAME = "$(TARGET_NAME)";
				SWIFT_VERSION = 5.0;
				TARGETED_DEVICE_FAMILY = "1,2";
				TEST_HOST = "$(BUILT_PRODUCTS_DIR)/DogDiary.app/DogDiary";
			};
			name = Release;
		};
		3961BCEA22F650930070D3DB /* Debug */ = {
			isa = XCBuildConfiguration;
			baseConfigurationReference = 973A96E0C24050503EF01D84 /* Pods-DogDiaryUITests.debug.xcconfig */;
			buildSettings = {
				ALWAYS_EMBED_SWIFT_STANDARD_LIBRARIES = YES;
				CODE_SIGN_STYLE = Automatic;
				DEVELOPMENT_TEAM = TW2G7A5598;
				INFOPLIST_FILE = DogDiaryUITests/Info.plist;
				LD_RUNPATH_SEARCH_PATHS = (
					"$(inherited)",
					"@executable_path/Frameworks",
					"@loader_path/Frameworks",
				);
				PRODUCT_BUNDLE_IDENTIFIER = igwoo.DogDiaryUITests;
				PRODUCT_NAME = "$(TARGET_NAME)";
				SWIFT_VERSION = 5.0;
				TARGETED_DEVICE_FAMILY = "1,2";
				TEST_TARGET_NAME = DogDiary;
			};
			name = Debug;
		};
		3961BCEB22F650930070D3DB /* Release */ = {
			isa = XCBuildConfiguration;
			baseConfigurationReference = 126DDCD6C8F641580BA17B75 /* Pods-DogDiaryUITests.release.xcconfig */;
			buildSettings = {
				ALWAYS_EMBED_SWIFT_STANDARD_LIBRARIES = YES;
				CODE_SIGN_STYLE = Automatic;
				DEVELOPMENT_TEAM = TW2G7A5598;
				INFOPLIST_FILE = DogDiaryUITests/Info.plist;
				LD_RUNPATH_SEARCH_PATHS = (
					"$(inherited)",
					"@executable_path/Frameworks",
					"@loader_path/Frameworks",
				);
				PRODUCT_BUNDLE_IDENTIFIER = igwoo.DogDiaryUITests;
				PRODUCT_NAME = "$(TARGET_NAME)";
				SWIFT_VERSION = 5.0;
				TARGETED_DEVICE_FAMILY = "1,2";
				TEST_TARGET_NAME = DogDiary;
			};
			name = Release;
		};
/* End XCBuildConfiguration section */

/* Begin XCConfigurationList section */
		3961BCB422F650920070D3DB /* Build configuration list for PBXProject "DogDiary" */ = {
			isa = XCConfigurationList;
			buildConfigurations = (
				3961BCE122F650930070D3DB /* Debug */,
				3961BCE222F650930070D3DB /* Release */,
			);
			defaultConfigurationIsVisible = 0;
			defaultConfigurationName = Release;
		};
		3961BCE322F650930070D3DB /* Build configuration list for PBXNativeTarget "DogDiary" */ = {
			isa = XCConfigurationList;
			buildConfigurations = (
				3961BCE422F650930070D3DB /* Debug */,
				3961BCE522F650930070D3DB /* Release */,
			);
			defaultConfigurationIsVisible = 0;
			defaultConfigurationName = Release;
		};
		3961BCE622F650930070D3DB /* Build configuration list for PBXNativeTarget "DogDiaryTests" */ = {
			isa = XCConfigurationList;
			buildConfigurations = (
				3961BCE722F650930070D3DB /* Debug */,
				3961BCE822F650930070D3DB /* Release */,
			);
			defaultConfigurationIsVisible = 0;
			defaultConfigurationName = Release;
		};
		3961BCE922F650930070D3DB /* Build configuration list for PBXNativeTarget "DogDiaryUITests" */ = {
			isa = XCConfigurationList;
			buildConfigurations = (
				3961BCEA22F650930070D3DB /* Debug */,
				3961BCEB22F650930070D3DB /* Release */,
			);
			defaultConfigurationIsVisible = 0;
			defaultConfigurationName = Release;
		};
/* End XCConfigurationList section */
	};
	rootObject = 3961BCB122F650920070D3DB /* Project object */;
}
